// !$*UTF8*$!
{
	archiveVersion = 1;
	classes = {
	};
	objectVersion = 46;
	objects = {

/* Begin PBXBuildFile section */
		039FF6B24FCF4DF8F34CD05D /* MainInitializer.swift in Sources */ = {isa = PBXBuildFile; fileRef = 32323D471B24957095C96A2F /* MainInitializer.swift */; };
		18308CC288255347B011AC1D /* MainConfigurator.swift in Sources */ = {isa = PBXBuildFile; fileRef = 38C9B81EBED28977F2349D18 /* MainConfigurator.swift */; };
		33D460FDE912058EB05F8644 /* MainInteractorInput.swift in Sources */ = {isa = PBXBuildFile; fileRef = B51EEB734A2EB6F91B1DEFC4 /* MainInteractorInput.swift */; };
		36CDFBEF25852A34DA630767 /* MainViewInput.swift in Sources */ = {isa = PBXBuildFile; fileRef = E381C0DE76EE0FB275DB38E2 /* MainViewInput.swift */; };
		4182917CBFB4737F8FFBEC84 /* MainInteractorOutput.swift in Sources */ = {isa = PBXBuildFile; fileRef = E840667660C5BB995BB73270 /* MainInteractorOutput.swift */; };
		4A04B8991DB2A5C9006BFDB6 /* OfferTableViewCell.swift in Sources */ = {isa = PBXBuildFile; fileRef = 4A04B8981DB2A5C9006BFDB6 /* OfferTableViewCell.swift */; };
		4A04B89A1DB2A92D006BFDB6 /* OfferTableViewCell.swift in Sources */ = {isa = PBXBuildFile; fileRef = 4A04B8981DB2A5C9006BFDB6 /* OfferTableViewCell.swift */; };
		4A04B8A11DB2BFB1006BFDB6 /* ImageLoaderImplementation.m in Sources */ = {isa = PBXBuildFile; fileRef = 4A04B8A01DB2BFB1006BFDB6 /* ImageLoaderImplementation.m */; };
		4A781F3D1DB2DEFC002509C0 /* OfferPersistenceServiceImplementation.m in Sources */ = {isa = PBXBuildFile; fileRef = 4A781F3C1DB2DEFC002509C0 /* OfferPersistenceServiceImplementation.m */; };
		4E2546871DB2499F006D8014 /* OfferModelObject.m in Sources */ = {isa = PBXBuildFile; fileRef = 4E2546861DB2499F006D8014 /* OfferModelObject.m */; };
		4E25468C1DB24AA8006D8014 /* TravelOffers.xcdatamodeld in Sources */ = {isa = PBXBuildFile; fileRef = 4E2546891DB24AA8006D8014 /* TravelOffers.xcdatamodeld */; };
		4E25468F1DB24B4E006D8014 /* OfferPlainObject.m in Sources */ = {isa = PBXBuildFile; fileRef = 4E25468E1DB24B4E006D8014 /* OfferPlainObject.m */; };
		4E25469C1DB25E92006D8014 /* NetworkClientImplementation.m in Sources */ = {isa = PBXBuildFile; fileRef = 4E25469B1DB25E92006D8014 /* NetworkClientImplementation.m */; };
		4E2546A71DB25FEB006D8014 /* OfferNetworkServiceImplementation.m in Sources */ = {isa = PBXBuildFile; fileRef = 4E2546A61DB25FEB006D8014 /* OfferNetworkServiceImplementation.m */; };
		4E2546AC1DB265A8006D8014 /* NetworkClientsAssembly.m in Sources */ = {isa = PBXBuildFile; fileRef = 4E2546AB1DB265A8006D8014 /* NetworkClientsAssembly.m */; };
		4E2546B11DB266E5006D8014 /* ServiceComponentsAssembly.m in Sources */ = {isa = PBXBuildFile; fileRef = 4E2546B01DB266E5006D8014 /* ServiceComponentsAssembly.m */; };
		4E2546B21DB26A64006D8014 /* MainViewInput.swift in Sources */ = {isa = PBXBuildFile; fileRef = E381C0DE76EE0FB275DB38E2 /* MainViewInput.swift */; };
		4E2546B31DB26A66006D8014 /* MainViewOutput.swift in Sources */ = {isa = PBXBuildFile; fileRef = 8B68149CBB0C86CE91448B22 /* MainViewOutput.swift */; };
		4E2546B41DB26A69006D8014 /* MainViewController.swift in Sources */ = {isa = PBXBuildFile; fileRef = 54DF21A3ED997487F08C0808 /* MainViewController.swift */; };
		4E2546B51DB26A6B006D8014 /* MainModuleInput.swift in Sources */ = {isa = PBXBuildFile; fileRef = DBF6BA16BFAFFF95C164F495 /* MainModuleInput.swift */; };
		4E2546B61DB26A6D006D8014 /* MainPresenter.swift in Sources */ = {isa = PBXBuildFile; fileRef = 983E15C6CC05A7E932556372 /* MainPresenter.swift */; };
		4E2546B71DB26A70006D8014 /* MainInteractorInput.swift in Sources */ = {isa = PBXBuildFile; fileRef = B51EEB734A2EB6F91B1DEFC4 /* MainInteractorInput.swift */; };
		4E2546B81DB26A72006D8014 /* MainInteractorOutput.swift in Sources */ = {isa = PBXBuildFile; fileRef = E840667660C5BB995BB73270 /* MainInteractorOutput.swift */; };
		4E2546B91DB26A74006D8014 /* MainInteractor.swift in Sources */ = {isa = PBXBuildFile; fileRef = 6360C77B01239C02EDC4D958 /* MainInteractor.swift */; };
		4E2546BA1DB26A77006D8014 /* MainRouterInput.swift in Sources */ = {isa = PBXBuildFile; fileRef = 75DD1E4FB22E252FF2070827 /* MainRouterInput.swift */; };
		4E2546BB1DB26A79006D8014 /* MainRouter.swift in Sources */ = {isa = PBXBuildFile; fileRef = 1758FE2F57CFBC0B3C6BDBA8 /* MainRouter.swift */; };
		4E2546BC1DB26A7D006D8014 /* MainConfigurator.swift in Sources */ = {isa = PBXBuildFile; fileRef = 38C9B81EBED28977F2349D18 /* MainConfigurator.swift */; };
		4E2546BD1DB26A7F006D8014 /* MainInitializer.swift in Sources */ = {isa = PBXBuildFile; fileRef = 32323D471B24957095C96A2F /* MainInitializer.swift */; };
		4E4D8FA81DB2466400C6C354 /* main.m in Sources */ = {isa = PBXBuildFile; fileRef = 4E4D8FA71DB2466400C6C354 /* main.m */; };
		4E4D8FAB1DB2466400C6C354 /* AppDelegate.m in Sources */ = {isa = PBXBuildFile; fileRef = 4E4D8FAA1DB2466400C6C354 /* AppDelegate.m */; };
		4E4D8FB11DB2466400C6C354 /* Main.storyboard in Resources */ = {isa = PBXBuildFile; fileRef = 4E4D8FAF1DB2466400C6C354 /* Main.storyboard */; };
		4E4D8FB61DB2466400C6C354 /* Assets.xcassets in Resources */ = {isa = PBXBuildFile; fileRef = 4E4D8FB51DB2466400C6C354 /* Assets.xcassets */; };
		4E4D8FB91DB2466400C6C354 /* LaunchScreen.storyboard in Resources */ = {isa = PBXBuildFile; fileRef = 4E4D8FB71DB2466400C6C354 /* LaunchScreen.storyboard */; };
		4E4D8FC41DB2466400C6C354 /* TravelOffersTests.m in Sources */ = {isa = PBXBuildFile; fileRef = 4E4D8FC31DB2466400C6C354 /* TravelOffersTests.m */; };
		4E6426181DB270EB00337C60 /* AssembliesLinker.swift in Sources */ = {isa = PBXBuildFile; fileRef = 4E6426171DB270EB00337C60 /* AssembliesLinker.swift */; };
		4E6426191DB275A500337C60 /* AssembliesLinker.swift in Sources */ = {isa = PBXBuildFile; fileRef = 4E6426171DB270EB00337C60 /* AssembliesLinker.swift */; };
		5C2C634FE0BDD0030F37E54A /* MainViewController.swift in Sources */ = {isa = PBXBuildFile; fileRef = 54DF21A3ED997487F08C0808 /* MainViewController.swift */; };
		5D2C114B0D658BCBE775000A /* MainViewOutput.swift in Sources */ = {isa = PBXBuildFile; fileRef = 8B68149CBB0C86CE91448B22 /* MainViewOutput.swift */; };
		660BD79DB312080F1C728F7A /* MainModuleInput.swift in Sources */ = {isa = PBXBuildFile; fileRef = DBF6BA16BFAFFF95C164F495 /* MainModuleInput.swift */; };
		71847D11F1F860D7CAB5B6DF /* Pods_TravelOffersTests.framework in Frameworks */ = {isa = PBXBuildFile; fileRef = 8EF0ADA4F07A20A4D02614A9 /* Pods_TravelOffersTests.framework */; };
		7583454212B2E7154D89D913 /* MainInteractor.swift in Sources */ = {isa = PBXBuildFile; fileRef = 6360C77B01239C02EDC4D958 /* MainInteractor.swift */; };
		9F9638BD14E52C842A0050FC /* MainPresenter.swift in Sources */ = {isa = PBXBuildFile; fileRef = 983E15C6CC05A7E932556372 /* MainPresenter.swift */; };
		D5F6393B690B82E7E905871C /* MainRouter.swift in Sources */ = {isa = PBXBuildFile; fileRef = 1758FE2F57CFBC0B3C6BDBA8 /* MainRouter.swift */; };
		E8E25DACAD6B3518AA62FDF8 /* MainRouterInput.swift in Sources */ = {isa = PBXBuildFile; fileRef = 75DD1E4FB22E252FF2070827 /* MainRouterInput.swift */; };
		F765B74908FFC2E01539A262 /* Pods_TravelOffers.framework in Frameworks */ = {isa = PBXBuildFile; fileRef = F1E74EE4F326F40972683E7B /* Pods_TravelOffers.framework */; };
/* End PBXBuildFile section */

/* Begin PBXContainerItemProxy section */
		4E4D8FC01DB2466400C6C354 /* PBXContainerItemProxy */ = {
			isa = PBXContainerItemProxy;
			containerPortal = 4E4D8F9B1DB2466400C6C354 /* Project object */;
			proxyType = 1;
			remoteGlobalIDString = 4E4D8FA21DB2466400C6C354;
			remoteInfo = TravelOffers;
		};
/* End PBXContainerItemProxy section */

/* Begin PBXFileReference section */
		1758FE2F57CFBC0B3C6BDBA8 /* MainRouter.swift */ = {isa = PBXFileReference; includeInIndex = 1; lastKnownFileType = sourcecode.swift; path = MainRouter.swift; sourceTree = "<group>"; };
		32323D471B24957095C96A2F /* MainInitializer.swift */ = {isa = PBXFileReference; includeInIndex = 1; lastKnownFileType = sourcecode.swift; path = MainInitializer.swift; sourceTree = "<group>"; };
		358ECB2E3E544DF5E8484B05 /* Pods-TravelOffers.release.xcconfig */ = {isa = PBXFileReference; includeInIndex = 1; lastKnownFileType = text.xcconfig; name = "Pods-TravelOffers.release.xcconfig"; path = "Pods/Target Support Files/Pods-TravelOffers/Pods-TravelOffers.release.xcconfig"; sourceTree = "<group>"; };
		38C9B81EBED28977F2349D18 /* MainConfigurator.swift */ = {isa = PBXFileReference; includeInIndex = 1; lastKnownFileType = sourcecode.swift; path = MainConfigurator.swift; sourceTree = "<group>"; };
		4A04B8981DB2A5C9006BFDB6 /* OfferTableViewCell.swift */ = {isa = PBXFileReference; fileEncoding = 4; lastKnownFileType = sourcecode.swift; path = OfferTableViewCell.swift; sourceTree = "<group>"; };
		4A04B89F1DB2BFB1006BFDB6 /* ImageLoaderImplementation.h */ = {isa = PBXFileReference; fileEncoding = 4; lastKnownFileType = sourcecode.c.h; path = ImageLoaderImplementation.h; sourceTree = "<group>"; };
		4A04B8A01DB2BFB1006BFDB6 /* ImageLoaderImplementation.m */ = {isa = PBXFileReference; fileEncoding = 4; lastKnownFileType = sourcecode.c.objc; path = ImageLoaderImplementation.m; sourceTree = "<group>"; };
		4A04B8A21DB2BFC1006BFDB6 /* ImageLoader.h */ = {isa = PBXFileReference; fileEncoding = 4; lastKnownFileType = sourcecode.c.h; path = ImageLoader.h; sourceTree = "<group>"; };
		4A19CDBE1DB2DC1800B0705A /* TravelOffers-Prefix.pch */ = {isa = PBXFileReference; lastKnownFileType = sourcecode.c.h; path = "TravelOffers-Prefix.pch"; sourceTree = "<group>"; };
		4A781F3A1DB2DEFC002509C0 /* OfferPersistenceService.h */ = {isa = PBXFileReference; fileEncoding = 4; lastKnownFileType = sourcecode.c.h; path = OfferPersistenceService.h; sourceTree = "<group>"; };
		4A781F3B1DB2DEFC002509C0 /* OfferPersistenceServiceImplementation.h */ = {isa = PBXFileReference; fileEncoding = 4; lastKnownFileType = sourcecode.c.h; path = OfferPersistenceServiceImplementation.h; sourceTree = "<group>"; };
		4A781F3C1DB2DEFC002509C0 /* OfferPersistenceServiceImplementation.m */ = {isa = PBXFileReference; fileEncoding = 4; lastKnownFileType = sourcecode.c.objc; path = OfferPersistenceServiceImplementation.m; sourceTree = "<group>"; };
		4E2546851DB2499F006D8014 /* OfferModelObject.h */ = {isa = PBXFileReference; fileEncoding = 4; lastKnownFileType = sourcecode.c.h; path = OfferModelObject.h; sourceTree = "<group>"; };
		4E2546861DB2499F006D8014 /* OfferModelObject.m */ = {isa = PBXFileReference; fileEncoding = 4; lastKnownFileType = sourcecode.c.objc; path = OfferModelObject.m; sourceTree = "<group>"; };
		4E25468A1DB24AA8006D8014 /* TravelOffers.xcdatamodel */ = {isa = PBXFileReference; lastKnownFileType = wrapper.xcdatamodel; path = TravelOffers.xcdatamodel; sourceTree = "<group>"; };
		4E25468D1DB24B4E006D8014 /* OfferPlainObject.h */ = {isa = PBXFileReference; fileEncoding = 4; lastKnownFileType = sourcecode.c.h; path = OfferPlainObject.h; sourceTree = "<group>"; };
		4E25468E1DB24B4E006D8014 /* OfferPlainObject.m */ = {isa = PBXFileReference; fileEncoding = 4; lastKnownFileType = sourcecode.c.objc; path = OfferPlainObject.m; sourceTree = "<group>"; };
		4E2546991DB25E7E006D8014 /* NetworkClient.h */ = {isa = PBXFileReference; fileEncoding = 4; lastKnownFileType = sourcecode.c.h; path = NetworkClient.h; sourceTree = "<group>"; };
		4E25469A1DB25E92006D8014 /* NetworkClientImplementation.h */ = {isa = PBXFileReference; fileEncoding = 4; lastKnownFileType = sourcecode.c.h; path = NetworkClientImplementation.h; sourceTree = "<group>"; };
		4E25469B1DB25E92006D8014 /* NetworkClientImplementation.m */ = {isa = PBXFileReference; fileEncoding = 4; lastKnownFileType = sourcecode.c.objc; path = NetworkClientImplementation.m; sourceTree = "<group>"; };
		4E2546A41DB25FDF006D8014 /* OfferNetworkService.h */ = {isa = PBXFileReference; fileEncoding = 4; lastKnownFileType = sourcecode.c.h; path = OfferNetworkService.h; sourceTree = "<group>"; };
		4E2546A51DB25FEB006D8014 /* OfferNetworkServiceImplementation.h */ = {isa = PBXFileReference; fileEncoding = 4; lastKnownFileType = sourcecode.c.h; path = OfferNetworkServiceImplementation.h; sourceTree = "<group>"; };
		4E2546A61DB25FEB006D8014 /* OfferNetworkServiceImplementation.m */ = {isa = PBXFileReference; fileEncoding = 4; lastKnownFileType = sourcecode.c.objc; path = OfferNetworkServiceImplementation.m; sourceTree = "<group>"; };
		4E2546AA1DB265A8006D8014 /* NetworkClientsAssembly.h */ = {isa = PBXFileReference; fileEncoding = 4; lastKnownFileType = sourcecode.c.h; path = NetworkClientsAssembly.h; sourceTree = "<group>"; };
		4E2546AB1DB265A8006D8014 /* NetworkClientsAssembly.m */ = {isa = PBXFileReference; fileEncoding = 4; lastKnownFileType = sourcecode.c.objc; path = NetworkClientsAssembly.m; sourceTree = "<group>"; };
		4E2546AF1DB266E5006D8014 /* ServiceComponentsAssembly.h */ = {isa = PBXFileReference; fileEncoding = 4; lastKnownFileType = sourcecode.c.h; path = ServiceComponentsAssembly.h; sourceTree = "<group>"; };
		4E2546B01DB266E5006D8014 /* ServiceComponentsAssembly.m */ = {isa = PBXFileReference; fileEncoding = 4; lastKnownFileType = sourcecode.c.objc; path = ServiceComponentsAssembly.m; sourceTree = "<group>"; };
		4E4D8FA31DB2466400C6C354 /* TravelOffers.app */ = {isa = PBXFileReference; explicitFileType = wrapper.application; includeInIndex = 0; path = TravelOffers.app; sourceTree = BUILT_PRODUCTS_DIR; };
		4E4D8FA71DB2466400C6C354 /* main.m */ = {isa = PBXFileReference; lastKnownFileType = sourcecode.c.objc; path = main.m; sourceTree = "<group>"; };
		4E4D8FA91DB2466400C6C354 /* AppDelegate.h */ = {isa = PBXFileReference; lastKnownFileType = sourcecode.c.h; path = AppDelegate.h; sourceTree = "<group>"; };
		4E4D8FAA1DB2466400C6C354 /* AppDelegate.m */ = {isa = PBXFileReference; lastKnownFileType = sourcecode.c.objc; path = AppDelegate.m; sourceTree = "<group>"; };
		4E4D8FB01DB2466400C6C354 /* Base */ = {isa = PBXFileReference; lastKnownFileType = file.storyboard; name = Base; path = Base.lproj/Main.storyboard; sourceTree = "<group>"; };
		4E4D8FB51DB2466400C6C354 /* Assets.xcassets */ = {isa = PBXFileReference; lastKnownFileType = folder.assetcatalog; path = Assets.xcassets; sourceTree = "<group>"; };
		4E4D8FB81DB2466400C6C354 /* Base */ = {isa = PBXFileReference; lastKnownFileType = file.storyboard; name = Base; path = Base.lproj/LaunchScreen.storyboard; sourceTree = "<group>"; };
		4E4D8FBA1DB2466400C6C354 /* Info.plist */ = {isa = PBXFileReference; lastKnownFileType = text.plist.xml; path = Info.plist; sourceTree = "<group>"; };
		4E4D8FBF1DB2466400C6C354 /* TravelOffersTests.xctest */ = {isa = PBXFileReference; explicitFileType = wrapper.cfbundle; includeInIndex = 0; path = TravelOffersTests.xctest; sourceTree = BUILT_PRODUCTS_DIR; };
		4E4D8FC31DB2466400C6C354 /* TravelOffersTests.m */ = {isa = PBXFileReference; lastKnownFileType = sourcecode.c.objc; path = TravelOffersTests.m; sourceTree = "<group>"; };
		4E4D8FC51DB2466400C6C354 /* Info.plist */ = {isa = PBXFileReference; lastKnownFileType = text.plist.xml; path = Info.plist; sourceTree = "<group>"; };
		4E6426151DB26F2400337C60 /* TravelOffers-Bridging-Header.h */ = {isa = PBXFileReference; lastKnownFileType = sourcecode.c.h; path = "TravelOffers-Bridging-Header.h"; sourceTree = "<group>"; };
		4E6426171DB270EB00337C60 /* AssembliesLinker.swift */ = {isa = PBXFileReference; fileEncoding = 4; lastKnownFileType = sourcecode.swift; path = AssembliesLinker.swift; sourceTree = "<group>"; };
		54DF21A3ED997487F08C0808 /* MainViewController.swift */ = {isa = PBXFileReference; includeInIndex = 1; lastKnownFileType = sourcecode.swift; path = MainViewController.swift; sourceTree = "<group>"; };
		6360C77B01239C02EDC4D958 /* MainInteractor.swift */ = {isa = PBXFileReference; includeInIndex = 1; lastKnownFileType = sourcecode.swift; path = MainInteractor.swift; sourceTree = "<group>"; };
		75DD1E4FB22E252FF2070827 /* MainRouterInput.swift */ = {isa = PBXFileReference; includeInIndex = 1; lastKnownFileType = sourcecode.swift; path = MainRouterInput.swift; sourceTree = "<group>"; };
		8524C584C9A536624042FE27 /* Pods-TravelOffersTests.release.xcconfig */ = {isa = PBXFileReference; includeInIndex = 1; lastKnownFileType = text.xcconfig; name = "Pods-TravelOffersTests.release.xcconfig"; path = "Pods/Target Support Files/Pods-TravelOffersTests/Pods-TravelOffersTests.release.xcconfig"; sourceTree = "<group>"; };
		8B68149CBB0C86CE91448B22 /* MainViewOutput.swift */ = {isa = PBXFileReference; includeInIndex = 1; lastKnownFileType = sourcecode.swift; path = MainViewOutput.swift; sourceTree = "<group>"; };
		8EF0ADA4F07A20A4D02614A9 /* Pods_TravelOffersTests.framework */ = {isa = PBXFileReference; explicitFileType = wrapper.framework; includeInIndex = 0; path = Pods_TravelOffersTests.framework; sourceTree = BUILT_PRODUCTS_DIR; };
		983E15C6CC05A7E932556372 /* MainPresenter.swift */ = {isa = PBXFileReference; includeInIndex = 1; lastKnownFileType = sourcecode.swift; path = MainPresenter.swift; sourceTree = "<group>"; };
		B51EEB734A2EB6F91B1DEFC4 /* MainInteractorInput.swift */ = {isa = PBXFileReference; includeInIndex = 1; lastKnownFileType = sourcecode.swift; path = MainInteractorInput.swift; sourceTree = "<group>"; };
		B7D20CD8DCA50CBF3B02E5F2 /* Pods-TravelOffers.debug.xcconfig */ = {isa = PBXFileReference; includeInIndex = 1; lastKnownFileType = text.xcconfig; name = "Pods-TravelOffers.debug.xcconfig"; path = "Pods/Target Support Files/Pods-TravelOffers/Pods-TravelOffers.debug.xcconfig"; sourceTree = "<group>"; };
		DBF6BA16BFAFFF95C164F495 /* MainModuleInput.swift */ = {isa = PBXFileReference; includeInIndex = 1; lastKnownFileType = sourcecode.swift; path = MainModuleInput.swift; sourceTree = "<group>"; };
		E381C0DE76EE0FB275DB38E2 /* MainViewInput.swift */ = {isa = PBXFileReference; includeInIndex = 1; lastKnownFileType = sourcecode.swift; path = MainViewInput.swift; sourceTree = "<group>"; };
		E840667660C5BB995BB73270 /* MainInteractorOutput.swift */ = {isa = PBXFileReference; includeInIndex = 1; lastKnownFileType = sourcecode.swift; path = MainInteractorOutput.swift; sourceTree = "<group>"; };
		F1E74EE4F326F40972683E7B /* Pods_TravelOffers.framework */ = {isa = PBXFileReference; explicitFileType = wrapper.framework; includeInIndex = 0; path = Pods_TravelOffers.framework; sourceTree = BUILT_PRODUCTS_DIR; };
		F531A71E7D04CA27BB89EAC7 /* Pods-TravelOffersTests.debug.xcconfig */ = {isa = PBXFileReference; includeInIndex = 1; lastKnownFileType = text.xcconfig; name = "Pods-TravelOffersTests.debug.xcconfig"; path = "Pods/Target Support Files/Pods-TravelOffersTests/Pods-TravelOffersTests.debug.xcconfig"; sourceTree = "<group>"; };
/* End PBXFileReference section */

/* Begin PBXFrameworksBuildPhase section */
		4E4D8FA01DB2466400C6C354 /* Frameworks */ = {
			isa = PBXFrameworksBuildPhase;
			buildActionMask = 2147483647;
			files = (
				F765B74908FFC2E01539A262 /* Pods_TravelOffers.framework in Frameworks */,
			);
			runOnlyForDeploymentPostprocessing = 0;
		};
		4E4D8FBC1DB2466400C6C354 /* Frameworks */ = {
			isa = PBXFrameworksBuildPhase;
			buildActionMask = 2147483647;
			files = (
				71847D11F1F860D7CAB5B6DF /* Pods_TravelOffersTests.framework in Frameworks */,
			);
			runOnlyForDeploymentPostprocessing = 0;
		};
/* End PBXFrameworksBuildPhase section */

/* Begin PBXGroup section */
		1D6B415852B54C7527B333AE /* Router */ = {
			isa = PBXGroup;
			children = (
				75DD1E4FB22E252FF2070827 /* MainRouterInput.swift */,
				1758FE2F57CFBC0B3C6BDBA8 /* MainRouter.swift */,
			);
			path = Router;
			sourceTree = "<group>";
		};
		3D0FDA25A7B51A73C4B8FC59 /* Frameworks */ = {
			isa = PBXGroup;
			children = (
				F1E74EE4F326F40972683E7B /* Pods_TravelOffers.framework */,
				8EF0ADA4F07A20A4D02614A9 /* Pods_TravelOffersTests.framework */,
			);
			name = Frameworks;
			sourceTree = "<group>";
		};
		4A04B89B1DB2BF6B006BFDB6 /* ImageLoader */ = {
			isa = PBXGroup;
			children = (
				4A04B8A21DB2BFC1006BFDB6 /* ImageLoader.h */,
				4A04B89F1DB2BFB1006BFDB6 /* ImageLoaderImplementation.h */,
				4A04B8A01DB2BFB1006BFDB6 /* ImageLoaderImplementation.m */,
			);
			path = ImageLoader;
			sourceTree = "<group>";
		};
		4A781F391DB2DEFC002509C0 /* PersistenceServices */ = {
			isa = PBXGroup;
			children = (
				4A781F3A1DB2DEFC002509C0 /* OfferPersistenceService.h */,
				4A781F3B1DB2DEFC002509C0 /* OfferPersistenceServiceImplementation.h */,
				4A781F3C1DB2DEFC002509C0 /* OfferPersistenceServiceImplementation.m */,
			);
			path = PersistenceServices;
			sourceTree = "<group>";
		};
		4E2546821DB247E5006D8014 /* Classes */ = {
			isa = PBXGroup;
			children = (
				4E6426161DB270D600337C60 /* AssembliesLinker */,
				C064B4D582280D3A30D8C91D /* Modules */,
				4E2546901DB250B9006D8014 /* BusinessLogicLayer */,
				4E2546831DB2495C006D8014 /* Models */,
				4E2546971DB25E62006D8014 /* CoreLayer */,
			);
			path = Classes;
			sourceTree = "<group>";
		};
		4E2546831DB2495C006D8014 /* Models */ = {
			isa = PBXGroup;
			children = (
				4E2546881DB24AA8006D8014 /* CoreDataModel */,
				4E25468B1DB24AA8006D8014 /* PlainObjects */,
				4E2546841DB2495C006D8014 /* ManagedObjects */,
			);
			path = Models;
			sourceTree = "<group>";
		};
		4E2546841DB2495C006D8014 /* ManagedObjects */ = {
			isa = PBXGroup;
			children = (
				4E2546851DB2499F006D8014 /* OfferModelObject.h */,
				4E2546861DB2499F006D8014 /* OfferModelObject.m */,
			);
			path = ManagedObjects;
			sourceTree = "<group>";
		};
		4E2546881DB24AA8006D8014 /* CoreDataModel */ = {
			isa = PBXGroup;
			children = (
				4E2546891DB24AA8006D8014 /* TravelOffers.xcdatamodeld */,
			);
			path = CoreDataModel;
			sourceTree = "<group>";
		};
		4E25468B1DB24AA8006D8014 /* PlainObjects */ = {
			isa = PBXGroup;
			children = (
				4E25468D1DB24B4E006D8014 /* OfferPlainObject.h */,
				4E25468E1DB24B4E006D8014 /* OfferPlainObject.m */,
			);
			path = PlainObjects;
			sourceTree = "<group>";
		};
		4E2546901DB250B9006D8014 /* BusinessLogicLayer */ = {
			isa = PBXGroup;
			children = (
				4E2546A81DB264FF006D8014 /* Assemblies */,
				4A781F391DB2DEFC002509C0 /* PersistenceServices */,
				4E25469D1DB25F8C006D8014 /* NetworkServices */,
			);
			path = BusinessLogicLayer;
			sourceTree = "<group>";
		};
		4E2546971DB25E62006D8014 /* CoreLayer */ = {
			isa = PBXGroup;
			children = (
				4E2546A91DB26596006D8014 /* Assemblies */,
				4A04B89B1DB2BF6B006BFDB6 /* ImageLoader */,
				4E2546981DB25E62006D8014 /* NetworkClients */,
			);
			path = CoreLayer;
			sourceTree = "<group>";
		};
		4E2546981DB25E62006D8014 /* NetworkClients */ = {
			isa = PBXGroup;
			children = (
				4E2546991DB25E7E006D8014 /* NetworkClient.h */,
				4E25469A1DB25E92006D8014 /* NetworkClientImplementation.h */,
				4E25469B1DB25E92006D8014 /* NetworkClientImplementation.m */,
			);
			path = NetworkClients;
			sourceTree = "<group>";
		};
		4E25469D1DB25F8C006D8014 /* NetworkServices */ = {
			isa = PBXGroup;
			children = (
				4E2546A41DB25FDF006D8014 /* OfferNetworkService.h */,
				4E2546A51DB25FEB006D8014 /* OfferNetworkServiceImplementation.h */,
				4E2546A61DB25FEB006D8014 /* OfferNetworkServiceImplementation.m */,
			);
			path = NetworkServices;
			sourceTree = "<group>";
		};
		4E2546A81DB264FF006D8014 /* Assemblies */ = {
			isa = PBXGroup;
			children = (
				4E2546AF1DB266E5006D8014 /* ServiceComponentsAssembly.h */,
				4E2546B01DB266E5006D8014 /* ServiceComponentsAssembly.m */,
			);
			path = Assemblies;
			sourceTree = "<group>";
		};
		4E2546A91DB26596006D8014 /* Assemblies */ = {
			isa = PBXGroup;
			children = (
				4E2546AA1DB265A8006D8014 /* NetworkClientsAssembly.h */,
				4E2546AB1DB265A8006D8014 /* NetworkClientsAssembly.m */,
			);
			path = Assemblies;
			sourceTree = "<group>";
		};
		4E4D8F9A1DB2466400C6C354 = {
			isa = PBXGroup;
			children = (
				4E4D8FA51DB2466400C6C354 /* TravelOffers */,
				4E4D8FC21DB2466400C6C354 /* TravelOffersTests */,
				4E4D8FA41DB2466400C6C354 /* Products */,
				90FA2955771A8E1D27BB1F04 /* Pods */,
				3D0FDA25A7B51A73C4B8FC59 /* Frameworks */,
			);
			sourceTree = "<group>";
		};
		4E4D8FA41DB2466400C6C354 /* Products */ = {
			isa = PBXGroup;
			children = (
				4E4D8FA31DB2466400C6C354 /* TravelOffers.app */,
				4E4D8FBF1DB2466400C6C354 /* TravelOffersTests.xctest */,
			);
			name = Products;
			sourceTree = "<group>";
		};
		4E4D8FA51DB2466400C6C354 /* TravelOffers */ = {
			isa = PBXGroup;
			children = (
				4E2546821DB247E5006D8014 /* Classes */,
				4E4D8FA91DB2466400C6C354 /* AppDelegate.h */,
				4E4D8FAA1DB2466400C6C354 /* AppDelegate.m */,
				4E4D8FAF1DB2466400C6C354 /* Main.storyboard */,
				4E4D8FB51DB2466400C6C354 /* Assets.xcassets */,
				4E4D8FB71DB2466400C6C354 /* LaunchScreen.storyboard */,
				4E4D8FBA1DB2466400C6C354 /* Info.plist */,
				4E4D8FA61DB2466400C6C354 /* Supporting Files */,
			);
			path = TravelOffers;
			sourceTree = "<group>";
		};
		4E4D8FA61DB2466400C6C354 /* Supporting Files */ = {
			isa = PBXGroup;
			children = (
				4E4D8FA71DB2466400C6C354 /* main.m */,
				4E6426151DB26F2400337C60 /* TravelOffers-Bridging-Header.h */,
				4A19CDBE1DB2DC1800B0705A /* TravelOffers-Prefix.pch */,
			);
			name = "Supporting Files";
			sourceTree = "<group>";
		};
		4E4D8FC21DB2466400C6C354 /* TravelOffersTests */ = {
			isa = PBXGroup;
			children = (
				4E4D8FC31DB2466400C6C354 /* TravelOffersTests.m */,
				4E4D8FC51DB2466400C6C354 /* Info.plist */,
			);
			path = TravelOffersTests;
			sourceTree = "<group>";
		};
		4E6426161DB270D600337C60 /* AssembliesLinker */ = {
			isa = PBXGroup;
			children = (
				4E6426171DB270EB00337C60 /* AssembliesLinker.swift */,
			);
			path = AssembliesLinker;
			sourceTree = "<group>";
		};
		80F3FFCC6CCBA3AA7B20454C /* Presenter */ = {
			isa = PBXGroup;
			children = (
				DBF6BA16BFAFFF95C164F495 /* MainModuleInput.swift */,
				983E15C6CC05A7E932556372 /* MainPresenter.swift */,
			);
			path = Presenter;
			sourceTree = "<group>";
		};
		90FA2955771A8E1D27BB1F04 /* Pods */ = {
			isa = PBXGroup;
			children = (
				B7D20CD8DCA50CBF3B02E5F2 /* Pods-TravelOffers.debug.xcconfig */,
				358ECB2E3E544DF5E8484B05 /* Pods-TravelOffers.release.xcconfig */,
				F531A71E7D04CA27BB89EAC7 /* Pods-TravelOffersTests.debug.xcconfig */,
				8524C584C9A536624042FE27 /* Pods-TravelOffersTests.release.xcconfig */,
			);
			name = Pods;
			sourceTree = "<group>";
		};
		93B99206A67A771C0AD30937 /* View */ = {
			isa = PBXGroup;
			children = (
				E381C0DE76EE0FB275DB38E2 /* MainViewInput.swift */,
				8B68149CBB0C86CE91448B22 /* MainViewOutput.swift */,
				54DF21A3ED997487F08C0808 /* MainViewController.swift */,
				4A04B8981DB2A5C9006BFDB6 /* OfferTableViewCell.swift */,
			);
			path = View;
			sourceTree = "<group>";
		};
		A0047911224FAB47876DF7C8 /* Interactor */ = {
			isa = PBXGroup;
			children = (
				B51EEB734A2EB6F91B1DEFC4 /* MainInteractorInput.swift */,
				E840667660C5BB995BB73270 /* MainInteractorOutput.swift */,
				6360C77B01239C02EDC4D958 /* MainInteractor.swift */,
			);
			path = Interactor;
			sourceTree = "<group>";
		};
		C064B4D582280D3A30D8C91D /* Modules */ = {
			isa = PBXGroup;
			children = (
				EA18CFDBF81005358D51B086 /* Main */,
			);
			path = Modules;
			sourceTree = "<group>";
		};
		DE1299D8B8C8057D4D5EB51F /* Configurator */ = {
			isa = PBXGroup;
			children = (
				38C9B81EBED28977F2349D18 /* MainConfigurator.swift */,
				32323D471B24957095C96A2F /* MainInitializer.swift */,
			);
			path = Configurator;
			sourceTree = "<group>";
		};
		EA18CFDBF81005358D51B086 /* Main */ = {
			isa = PBXGroup;
			children = (
				93B99206A67A771C0AD30937 /* View */,
				80F3FFCC6CCBA3AA7B20454C /* Presenter */,
				A0047911224FAB47876DF7C8 /* Interactor */,
				1D6B415852B54C7527B333AE /* Router */,
				DE1299D8B8C8057D4D5EB51F /* Configurator */,
			);
			path = Main;
			sourceTree = "<group>";
		};
/* End PBXGroup section */

/* Begin PBXNativeTarget section */
		4E4D8FA21DB2466400C6C354 /* TravelOffers */ = {
			isa = PBXNativeTarget;
			buildConfigurationList = 4E4D8FC81DB2466400C6C354 /* Build configuration list for PBXNativeTarget "TravelOffers" */;
			buildPhases = (
				988977C5C1E37BA349DD6886 /* [CP] Check Pods Manifest.lock */,
				4E4D8F9F1DB2466400C6C354 /* Sources */,
				4E4D8FA01DB2466400C6C354 /* Frameworks */,
				4E4D8FA11DB2466400C6C354 /* Resources */,
				05E1C0006D497909D49CDB3D /* [CP] Embed Pods Frameworks */,
				6CDD5BAC67509723DB250E28 /* [CP] Copy Pods Resources */,
			);
			buildRules = (
			);
			dependencies = (
			);
			name = TravelOffers;
			productName = TravelOffers;
			productReference = 4E4D8FA31DB2466400C6C354 /* TravelOffers.app */;
			productType = "com.apple.product-type.application";
		};
		4E4D8FBE1DB2466400C6C354 /* TravelOffersTests */ = {
			isa = PBXNativeTarget;
			buildConfigurationList = 4E4D8FCB1DB2466400C6C354 /* Build configuration list for PBXNativeTarget "TravelOffersTests" */;
			buildPhases = (
				E7901F13E12BB97762737351 /* [CP] Check Pods Manifest.lock */,
				4E4D8FBB1DB2466400C6C354 /* Sources */,
				4E4D8FBC1DB2466400C6C354 /* Frameworks */,
				4E4D8FBD1DB2466400C6C354 /* Resources */,
				7580514977C58BBF479B1790 /* [CP] Embed Pods Frameworks */,
				FA5813E9FA927391A7CDCF70 /* [CP] Copy Pods Resources */,
			);
			buildRules = (
			);
			dependencies = (
				4E4D8FC11DB2466400C6C354 /* PBXTargetDependency */,
			);
			name = TravelOffersTests;
			productName = TravelOffersTests;
			productReference = 4E4D8FBF1DB2466400C6C354 /* TravelOffersTests.xctest */;
			productType = "com.apple.product-type.bundle.unit-test";
		};
/* End PBXNativeTarget section */

/* Begin PBXProject section */
		4E4D8F9B1DB2466400C6C354 /* Project object */ = {
			isa = PBXProject;
			attributes = {
				LastUpgradeCheck = 0800;
				ORGANIZATIONNAME = "Rustam Yuzmukhametov";
				TargetAttributes = {
					4E4D8FA21DB2466400C6C354 = {
						CreatedOnToolsVersion = 8.0;
						DevelopmentTeam = 6K9L8GL4MH;
						LastSwiftMigration = 0800;
						ProvisioningStyle = Automatic;
					};
					4E4D8FBE1DB2466400C6C354 = {
						CreatedOnToolsVersion = 8.0;
						DevelopmentTeam = 6K9L8GL4MH;
						LastSwiftMigration = 0800;
						ProvisioningStyle = Automatic;
						TestTargetID = 4E4D8FA21DB2466400C6C354;
					};
				};
			};
			buildConfigurationList = 4E4D8F9E1DB2466400C6C354 /* Build configuration list for PBXProject "TravelOffers" */;
			compatibilityVersion = "Xcode 3.2";
			developmentRegion = English;
			hasScannedForEncodings = 0;
			knownRegions = (
				en,
				Base,
			);
			mainGroup = 4E4D8F9A1DB2466400C6C354;
			productRefGroup = 4E4D8FA41DB2466400C6C354 /* Products */;
			projectDirPath = "";
			projectRoot = "";
			targets = (
				4E4D8FA21DB2466400C6C354 /* TravelOffers */,
				4E4D8FBE1DB2466400C6C354 /* TravelOffersTests */,
			);
		};
/* End PBXProject section */

/* Begin PBXResourcesBuildPhase section */
		4E4D8FA11DB2466400C6C354 /* Resources */ = {
			isa = PBXResourcesBuildPhase;
			buildActionMask = 2147483647;
			files = (
				4E4D8FB91DB2466400C6C354 /* LaunchScreen.storyboard in Resources */,
				4E4D8FB61DB2466400C6C354 /* Assets.xcassets in Resources */,
				4E4D8FB11DB2466400C6C354 /* Main.storyboard in Resources */,
			);
			runOnlyForDeploymentPostprocessing = 0;
		};
		4E4D8FBD1DB2466400C6C354 /* Resources */ = {
			isa = PBXResourcesBuildPhase;
			buildActionMask = 2147483647;
			files = (
			);
			runOnlyForDeploymentPostprocessing = 0;
		};
/* End PBXResourcesBuildPhase section */

/* Begin PBXShellScriptBuildPhase section */
		05E1C0006D497909D49CDB3D /* [CP] Embed Pods Frameworks */ = {
			isa = PBXShellScriptBuildPhase;
			buildActionMask = 2147483647;
			files = (
			);
			inputPaths = (
			);
			name = "[CP] Embed Pods Frameworks";
			outputPaths = (
			);
			runOnlyForDeploymentPostprocessing = 0;
			shellPath = /bin/sh;
			shellScript = "\"${SRCROOT}/Pods/Target Support Files/Pods-TravelOffers/Pods-TravelOffers-frameworks.sh\"\n";
			showEnvVarsInLog = 0;
		};
		6CDD5BAC67509723DB250E28 /* [CP] Copy Pods Resources */ = {
			isa = PBXShellScriptBuildPhase;
			buildActionMask = 2147483647;
			files = (
			);
			inputPaths = (
			);
			name = "[CP] Copy Pods Resources";
			outputPaths = (
			);
			runOnlyForDeploymentPostprocessing = 0;
			shellPath = /bin/sh;
			shellScript = "\"${SRCROOT}/Pods/Target Support Files/Pods-TravelOffers/Pods-TravelOffers-resources.sh\"\n";
			showEnvVarsInLog = 0;
		};
		7580514977C58BBF479B1790 /* [CP] Embed Pods Frameworks */ = {
			isa = PBXShellScriptBuildPhase;
			buildActionMask = 2147483647;
			files = (
			);
			inputPaths = (
			);
			name = "[CP] Embed Pods Frameworks";
			outputPaths = (
			);
			runOnlyForDeploymentPostprocessing = 0;
			shellPath = /bin/sh;
			shellScript = "\"${SRCROOT}/Pods/Target Support Files/Pods-TravelOffersTests/Pods-TravelOffersTests-frameworks.sh\"\n";
			showEnvVarsInLog = 0;
		};
		988977C5C1E37BA349DD6886 /* [CP] Check Pods Manifest.lock */ = {
			isa = PBXShellScriptBuildPhase;
			buildActionMask = 2147483647;
			files = (
			);
			inputPaths = (
			);
			name = "[CP] Check Pods Manifest.lock";
			outputPaths = (
			);
			runOnlyForDeploymentPostprocessing = 0;
			shellPath = /bin/sh;
			shellScript = "diff \"${PODS_ROOT}/../Podfile.lock\" \"${PODS_ROOT}/Manifest.lock\" > /dev/null\nif [[ $? != 0 ]] ; then\n    cat << EOM\nerror: The sandbox is not in sync with the Podfile.lock. Run 'pod install' or update your CocoaPods installation.\nEOM\n    exit 1\nfi\n";
			showEnvVarsInLog = 0;
		};
		E7901F13E12BB97762737351 /* [CP] Check Pods Manifest.lock */ = {
			isa = PBXShellScriptBuildPhase;
			buildActionMask = 2147483647;
			files = (
			);
			inputPaths = (
			);
			name = "[CP] Check Pods Manifest.lock";
			outputPaths = (
			);
			runOnlyForDeploymentPostprocessing = 0;
			shellPath = /bin/sh;
			shellScript = "diff \"${PODS_ROOT}/../Podfile.lock\" \"${PODS_ROOT}/Manifest.lock\" > /dev/null\nif [[ $? != 0 ]] ; then\n    cat << EOM\nerror: The sandbox is not in sync with the Podfile.lock. Run 'pod install' or update your CocoaPods installation.\nEOM\n    exit 1\nfi\n";
			showEnvVarsInLog = 0;
		};
		FA5813E9FA927391A7CDCF70 /* [CP] Copy Pods Resources */ = {
			isa = PBXShellScriptBuildPhase;
			buildActionMask = 2147483647;
			files = (
			);
			inputPaths = (
			);
			name = "[CP] Copy Pods Resources";
			outputPaths = (
			);
			runOnlyForDeploymentPostprocessing = 0;
			shellPath = /bin/sh;
			shellScript = "\"${SRCROOT}/Pods/Target Support Files/Pods-TravelOffersTests/Pods-TravelOffersTests-resources.sh\"\n";
			showEnvVarsInLog = 0;
		};
/* End PBXShellScriptBuildPhase section */

/* Begin PBXSourcesBuildPhase section */
		4E4D8F9F1DB2466400C6C354 /* Sources */ = {
			isa = PBXSourcesBuildPhase;
			buildActionMask = 2147483647;
			files = (
				4A781F3D1DB2DEFC002509C0 /* OfferPersistenceServiceImplementation.m in Sources */,
				4E25468F1DB24B4E006D8014 /* OfferPlainObject.m in Sources */,
				4E2546AC1DB265A8006D8014 /* NetworkClientsAssembly.m in Sources */,
				4E25468C1DB24AA8006D8014 /* TravelOffers.xcdatamodeld in Sources */,
				4E2546B11DB266E5006D8014 /* ServiceComponentsAssembly.m in Sources */,
				4E2546A71DB25FEB006D8014 /* OfferNetworkServiceImplementation.m in Sources */,
				4E4D8FAB1DB2466400C6C354 /* AppDelegate.m in Sources */,
				4E4D8FA81DB2466400C6C354 /* main.m in Sources */,
				4E2546871DB2499F006D8014 /* OfferModelObject.m in Sources */,
				4E25469C1DB25E92006D8014 /* NetworkClientImplementation.m in Sources */,
				36CDFBEF25852A34DA630767 /* MainViewInput.swift in Sources */,
				5D2C114B0D658BCBE775000A /* MainViewOutput.swift in Sources */,
				5C2C634FE0BDD0030F37E54A /* MainViewController.swift in Sources */,
				660BD79DB312080F1C728F7A /* MainModuleInput.swift in Sources */,
				9F9638BD14E52C842A0050FC /* MainPresenter.swift in Sources */,
				4A04B8A11DB2BFB1006BFDB6 /* ImageLoaderImplementation.m in Sources */,
				33D460FDE912058EB05F8644 /* MainInteractorInput.swift in Sources */,
				4182917CBFB4737F8FFBEC84 /* MainInteractorOutput.swift in Sources */,
				4E6426181DB270EB00337C60 /* AssembliesLinker.swift in Sources */,
				7583454212B2E7154D89D913 /* MainInteractor.swift in Sources */,
				E8E25DACAD6B3518AA62FDF8 /* MainRouterInput.swift in Sources */,
				4A04B8991DB2A5C9006BFDB6 /* OfferTableViewCell.swift in Sources */,
				D5F6393B690B82E7E905871C /* MainRouter.swift in Sources */,
				18308CC288255347B011AC1D /* MainConfigurator.swift in Sources */,
				039FF6B24FCF4DF8F34CD05D /* MainInitializer.swift in Sources */,
			);
			runOnlyForDeploymentPostprocessing = 0;
		};
		4E4D8FBB1DB2466400C6C354 /* Sources */ = {
			isa = PBXSourcesBuildPhase;
			buildActionMask = 2147483647;
			files = (
				4E2546B71DB26A70006D8014 /* MainInteractorInput.swift in Sources */,
				4E2546BB1DB26A79006D8014 /* MainRouter.swift in Sources */,
				4E2546B31DB26A66006D8014 /* MainViewOutput.swift in Sources */,
				4E4D8FC41DB2466400C6C354 /* TravelOffersTests.m in Sources */,
				4E2546B21DB26A64006D8014 /* MainViewInput.swift in Sources */,
				4E2546B91DB26A74006D8014 /* MainInteractor.swift in Sources */,
				4E2546BD1DB26A7F006D8014 /* MainInitializer.swift in Sources */,
				4E2546BC1DB26A7D006D8014 /* MainConfigurator.swift in Sources */,
				4E2546B81DB26A72006D8014 /* MainInteractorOutput.swift in Sources */,
				4E2546B41DB26A69006D8014 /* MainViewController.swift in Sources */,
				4E2546B61DB26A6D006D8014 /* MainPresenter.swift in Sources */,
				4A04B89A1DB2A92D006BFDB6 /* OfferTableViewCell.swift in Sources */,
				4E6426191DB275A500337C60 /* AssembliesLinker.swift in Sources */,
				4E2546BA1DB26A77006D8014 /* MainRouterInput.swift in Sources */,
				4E2546B51DB26A6B006D8014 /* MainModuleInput.swift in Sources */,
			);
			runOnlyForDeploymentPostprocessing = 0;
		};
/* End PBXSourcesBuildPhase section */

/* Begin PBXTargetDependency section */
		4E4D8FC11DB2466400C6C354 /* PBXTargetDependency */ = {
			isa = PBXTargetDependency;
			target = 4E4D8FA21DB2466400C6C354 /* TravelOffers */;
			targetProxy = 4E4D8FC01DB2466400C6C354 /* PBXContainerItemProxy */;
		};
/* End PBXTargetDependency section */

/* Begin PBXVariantGroup section */
		4E4D8FAF1DB2466400C6C354 /* Main.storyboard */ = {
			isa = PBXVariantGroup;
			children = (
				4E4D8FB01DB2466400C6C354 /* Base */,
			);
			name = Main.storyboard;
			sourceTree = "<group>";
		};
		4E4D8FB71DB2466400C6C354 /* LaunchScreen.storyboard */ = {
			isa = PBXVariantGroup;
			children = (
				4E4D8FB81DB2466400C6C354 /* Base */,
			);
			name = LaunchScreen.storyboard;
			sourceTree = "<group>";
		};
/* End PBXVariantGroup section */

/* Begin XCBuildConfiguration section */
		4E4D8FC61DB2466400C6C354 /* Debug */ = {
			isa = XCBuildConfiguration;
			buildSettings = {
				ALWAYS_SEARCH_USER_PATHS = NO;
				CLANG_ANALYZER_NONNULL = YES;
				CLANG_CXX_LANGUAGE_STANDARD = "gnu++0x";
				CLANG_CXX_LIBRARY = "libc++";
				CLANG_ENABLE_MODULES = YES;
				CLANG_ENABLE_OBJC_ARC = YES;
				CLANG_WARN_BOOL_CONVERSION = YES;
				CLANG_WARN_CONSTANT_CONVERSION = YES;
				CLANG_WARN_DIRECT_OBJC_ISA_USAGE = YES_ERROR;
				CLANG_WARN_DOCUMENTATION_COMMENTS = YES;
				CLANG_WARN_EMPTY_BODY = YES;
				CLANG_WARN_ENUM_CONVERSION = YES;
				CLANG_WARN_INFINITE_RECURSION = YES;
				CLANG_WARN_INT_CONVERSION = YES;
				CLANG_WARN_OBJC_ROOT_CLASS = YES_ERROR;
				CLANG_WARN_SUSPICIOUS_MOVES = YES;
				CLANG_WARN_UNREACHABLE_CODE = YES;
				CLANG_WARN__DUPLICATE_METHOD_MATCH = YES;
				"CODE_SIGN_IDENTITY[sdk=iphoneos*]" = "iPhone Developer";
				COPY_PHASE_STRIP = NO;
				DEBUG_INFORMATION_FORMAT = dwarf;
				ENABLE_STRICT_OBJC_MSGSEND = YES;
				ENABLE_TESTABILITY = YES;
				GCC_C_LANGUAGE_STANDARD = gnu99;
				GCC_DYNAMIC_NO_PIC = NO;
				GCC_NO_COMMON_BLOCKS = YES;
				GCC_OPTIMIZATION_LEVEL = 0;
				GCC_PREPROCESSOR_DEFINITIONS = (
					"DEBUG=1",
					"$(inherited)",
				);
				GCC_WARN_64_TO_32_BIT_CONVERSION = YES;
				GCC_WARN_ABOUT_RETURN_TYPE = YES_ERROR;
				GCC_WARN_UNDECLARED_SELECTOR = YES;
				GCC_WARN_UNINITIALIZED_AUTOS = YES_AGGRESSIVE;
				GCC_WARN_UNUSED_FUNCTION = YES;
				GCC_WARN_UNUSED_VARIABLE = YES;
				IPHONEOS_DEPLOYMENT_TARGET = 8.0;
				MTL_ENABLE_DEBUG_INFO = YES;
				ONLY_ACTIVE_ARCH = YES;
				SDKROOT = iphoneos;
				SWIFT_OBJC_BRIDGING_HEADER = "TravelOffers/TravelOffers-Bridging-Header.h";
			};
			name = Debug;
		};
		4E4D8FC71DB2466400C6C354 /* Release */ = {
			isa = XCBuildConfiguration;
			buildSettings = {
				ALWAYS_SEARCH_USER_PATHS = NO;
				CLANG_ANALYZER_NONNULL = YES;
				CLANG_CXX_LANGUAGE_STANDARD = "gnu++0x";
				CLANG_CXX_LIBRARY = "libc++";
				CLANG_ENABLE_MODULES = YES;
				CLANG_ENABLE_OBJC_ARC = YES;
				CLANG_WARN_BOOL_CONVERSION = YES;
				CLANG_WARN_CONSTANT_CONVERSION = YES;
				CLANG_WARN_DIRECT_OBJC_ISA_USAGE = YES_ERROR;
				CLANG_WARN_DOCUMENTATION_COMMENTS = YES;
				CLANG_WARN_EMPTY_BODY = YES;
				CLANG_WARN_ENUM_CONVERSION = YES;
				CLANG_WARN_INFINITE_RECURSION = YES;
				CLANG_WARN_INT_CONVERSION = YES;
				CLANG_WARN_OBJC_ROOT_CLASS = YES_ERROR;
				CLANG_WARN_SUSPICIOUS_MOVES = YES;
				CLANG_WARN_UNREACHABLE_CODE = YES;
				CLANG_WARN__DUPLICATE_METHOD_MATCH = YES;
				"CODE_SIGN_IDENTITY[sdk=iphoneos*]" = "iPhone Developer";
				COPY_PHASE_STRIP = NO;
				DEBUG_INFORMATION_FORMAT = "dwarf-with-dsym";
				ENABLE_NS_ASSERTIONS = NO;
				ENABLE_STRICT_OBJC_MSGSEND = YES;
				GCC_C_LANGUAGE_STANDARD = gnu99;
				GCC_NO_COMMON_BLOCKS = YES;
				GCC_WARN_64_TO_32_BIT_CONVERSION = YES;
				GCC_WARN_ABOUT_RETURN_TYPE = YES_ERROR;
				GCC_WARN_UNDECLARED_SELECTOR = YES;
				GCC_WARN_UNINITIALIZED_AUTOS = YES_AGGRESSIVE;
				GCC_WARN_UNUSED_FUNCTION = YES;
				GCC_WARN_UNUSED_VARIABLE = YES;
				IPHONEOS_DEPLOYMENT_TARGET = 8.0;
				MTL_ENABLE_DEBUG_INFO = NO;
				SDKROOT = iphoneos;
				SWIFT_OBJC_BRIDGING_HEADER = "TravelOffers/TravelOffers-Bridging-Header.h";
				VALIDATE_PRODUCT = YES;
			};
			name = Release;
		};
		4E4D8FC91DB2466400C6C354 /* Debug */ = {
			isa = XCBuildConfiguration;
			baseConfigurationReference = B7D20CD8DCA50CBF3B02E5F2 /* Pods-TravelOffers.debug.xcconfig */;
			buildSettings = {
				ASSETCATALOG_COMPILER_APPICON_NAME = AppIcon;
				DEVELOPMENT_TEAM = 6K9L8GL4MH;
				GCC_PRECOMPILE_PREFIX_HEADER = YES;
				GCC_PREFIX_HEADER = "TravelOffers/TravelOffers-Prefix.pch";
				INFOPLIST_FILE = TravelOffers/Info.plist;
				LD_RUNPATH_SEARCH_PATHS = "$(inherited) @executable_path/Frameworks";
				PRODUCT_BUNDLE_IDENTIFIER = com.ryuzmukhametov.TravelOffers;
				PRODUCT_NAME = "$(TARGET_NAME)";
				SWIFT_VERSION = 2.3;
			};
			name = Debug;
		};
		4E4D8FCA1DB2466400C6C354 /* Release */ = {
			isa = XCBuildConfiguration;
			baseConfigurationReference = 358ECB2E3E544DF5E8484B05 /* Pods-TravelOffers.release.xcconfig */;
			buildSettings = {
				ASSETCATALOG_COMPILER_APPICON_NAME = AppIcon;
				DEVELOPMENT_TEAM = 6K9L8GL4MH;
				GCC_PRECOMPILE_PREFIX_HEADER = YES;
				GCC_PREFIX_HEADER = "TravelOffers/TravelOffers-Prefix.pch";
				INFOPLIST_FILE = TravelOffers/Info.plist;
				LD_RUNPATH_SEARCH_PATHS = "$(inherited) @executable_path/Frameworks";
				PRODUCT_BUNDLE_IDENTIFIER = com.ryuzmukhametov.TravelOffers;
				PRODUCT_NAME = "$(TARGET_NAME)";
				SWIFT_VERSION = 2.3;
			};
			name = Release;
		};
		4E4D8FCC1DB2466400C6C354 /* Debug */ = {
			isa = XCBuildConfiguration;
			baseConfigurationReference = F531A71E7D04CA27BB89EAC7 /* Pods-TravelOffersTests.debug.xcconfig */;
			buildSettings = {
				BUNDLE_LOADER = "$(TEST_HOST)";
				DEVELOPMENT_TEAM = 6K9L8GL4MH;
				INFOPLIST_FILE = TravelOffersTests/Info.plist;
				LD_RUNPATH_SEARCH_PATHS = "$(inherited) @executable_path/Frameworks @loader_path/Frameworks";
				PRODUCT_BUNDLE_IDENTIFIER = com.ryuzmukhametov.TravelOffersTests;
				PRODUCT_NAME = "$(TARGET_NAME)";
				SWIFT_VERSION = 2.3;
				TEST_HOST = "$(BUILT_PRODUCTS_DIR)/TravelOffers.app/TravelOffers";
			};
			name = Debug;
		};
		4E4D8FCD1DB2466400C6C354 /* Release */ = {
			isa = XCBuildConfiguration;
			baseConfigurationReference = 8524C584C9A536624042FE27 /* Pods-TravelOffersTests.release.xcconfig */;
			buildSettings = {
				BUNDLE_LOADER = "$(TEST_HOST)";
				DEVELOPMENT_TEAM = 6K9L8GL4MH;
				INFOPLIST_FILE = TravelOffersTests/Info.plist;
				LD_RUNPATH_SEARCH_PATHS = "$(inherited) @executable_path/Frameworks @loader_path/Frameworks";
				PRODUCT_BUNDLE_IDENTIFIER = com.ryuzmukhametov.TravelOffersTests;
				PRODUCT_NAME = "$(TARGET_NAME)";
				SWIFT_VERSION = 2.3;
				TEST_HOST = "$(BUILT_PRODUCTS_DIR)/TravelOffers.app/TravelOffers";
			};
			name = Release;
		};
/* End XCBuildConfiguration section */

/* Begin XCConfigurationList section */
		4E4D8F9E1DB2466400C6C354 /* Build configuration list for PBXProject "TravelOffers" */ = {
			isa = XCConfigurationList;
			buildConfigurations = (
				4E4D8FC61DB2466400C6C354 /* Debug */,
				4E4D8FC71DB2466400C6C354 /* Release */,
			);
			defaultConfigurationIsVisible = 0;
			defaultConfigurationName = Release;
		};
		4E4D8FC81DB2466400C6C354 /* Build configuration list for PBXNativeTarget "TravelOffers" */ = {
			isa = XCConfigurationList;
			buildConfigurations = (
				4E4D8FC91DB2466400C6C354 /* Debug */,
				4E4D8FCA1DB2466400C6C354 /* Release */,
			);
			defaultConfigurationIsVisible = 0;
			defaultConfigurationName = Release;
		};
		4E4D8FCB1DB2466400C6C354 /* Build configuration list for PBXNativeTarget "TravelOffersTests" */ = {
			isa = XCConfigurationList;
			buildConfigurations = (
				4E4D8FCC1DB2466400C6C354 /* Debug */,
				4E4D8FCD1DB2466400C6C354 /* Release */,
			);
			defaultConfigurationIsVisible = 0;
			defaultConfigurationName = Release;
		};
/* End XCConfigurationList section */

/* Begin XCVersionGroup section */
		4E2546891DB24AA8006D8014 /* TravelOffers.xcdatamodeld */ = {
			isa = XCVersionGroup;
			children = (
				4E25468A1DB24AA8006D8014 /* TravelOffers.xcdatamodel */,
			);
			currentVersion = 4E25468A1DB24AA8006D8014 /* TravelOffers.xcdatamodel */;
			path = TravelOffers.xcdatamodeld;
			sourceTree = "<group>";
			versionGroupType = wrapper.xcdatamodel;
		};
/* End XCVersionGroup section */
	};
	rootObject = 4E4D8F9B1DB2466400C6C354 /* Project object */;
}
